
Microsoft Visual Studio Solution File, Format Version 12.00
# Visual Studio Version 17
VisualStudioVersion = 17.9.34607.119
MinimumVisualStudioVersion = 10.0.40219.1
Project("{FAE04EC0-301F-11D3-BF4B-00C04F79EFBC}") = "Demo", "Assignment2\Demo.csproj", "{B34CE82B-C8DE-4712-8D4F-47DB923354E9}"
EndProject
Project("{FAE04EC0-301F-11D3-BF4B-00C04F79EFBC}") = "Common", "Common\Common.csproj", "{236A88E3-7993-4E92-B861-8C6CEFA2EB40}"
EndProject
Project("{FAE04EC0-301F-11D3-BF4B-00C04F79EFBC}") = "Assignment", "Assignment\Assignment.csproj", "{78ADA487-AA52-4DA6-8E37-BB969CDBEBE4}"
EndProject
Global
	GlobalSection(SolutionConfigurationPlatforms) = preSolution
		Debug|Any CPU = Debug|Any CPU
		Release|Any CPU = Release|Any CPU
	EndGlobalSection
	GlobalSection(ProjectConfigurationPlatforms) = postSolution
		{B34CE82B-C8DE-4712-8D4F-47DB923354E9}.Debug|Any CPU.ActiveCfg = Debug|Any CPU
		{B34CE82B-C8DE-4712-8D4F-47DB923354E9}.Debug|Any CPU.Build.0 = Debug|Any CPU
		{B34CE82B-C8DE-4712-8D4F-47DB923354E9}.Release|Any CPU.ActiveCfg = Release|Any CPU
		{B34CE82B-C8DE-4712-8D4F-47DB923354E9}.Release|Any CPU.Build.0 = Release|Any CPU
		{236A88E3-7993-4E92-B861-8C6CEFA2EB40}.Debug|Any CPU.ActiveCfg = Debug|Any CPU
		{236A88E3-7993-4E92-B861-8C6CEFA2EB40}.Debug|Any CPU.Build.0 = Debug|Any CPU
		{236A88E3-7993-4E92-B861-8C6CEFA2EB40}.Release|Any CPU.ActiveCfg = Release|Any CPU
		{236A88E3-7993-4E92-B861-8C6CEFA2EB40}.Release|Any CPU.Build.0 = Release|Any CPU
		{78ADA487-AA52-4DA6-8E37-BB969CDBEBE4}.Debug|Any CPU.ActiveCfg = Debug|Any CPU
		{78ADA487-AA52-4DA6-8E37-BB969CDBEBE4}.Debug|Any CPU.Build.0 = Debug|Any CPU
		{78ADA487-AA52-4DA6-8E37-BB969CDBEBE4}.Release|Any CPU.ActiveCfg = Release|Any CPU
		{78ADA487-AA52-4DA6-8E37-BB969CDBEBE4}.Release|Any CPU.Build.0 = Release|Any CPU
	EndGlobalSection
	GlobalSection(SolutionProperties) = preSolution
		HideSolutionNode = FALSE
	EndGlobalSection
	GlobalSection(ExtensibilityGlobals) = postSolution
		SolutionGuid = {7FE6CBF6-9B2D-4F7D-8424-67051BAC69C4}
	EndGlobalSection
EndGlobal
